
Microsoft Visual Studio Solution File, Format Version 12.00
# Visual Studio 15
VisualStudioVersion = 15.0.27004.2009
MinimumVisualStudioVersion = 10.0.40219.1
Project("{FAE04EC0-301F-11D3-BF4B-00C04F79EFBC}") = "ForeignExchange.Android", "ForeignExchange\ForeignExchange.Android\ForeignExchange.Android.csproj", "{E947D6C2-CB36-49F7-9FCC-C3F8F9EFE092}"
EndProject
Project("{FAE04EC0-301F-11D3-BF4B-00C04F79EFBC}") = "ForeignExchange", "ForeignExchange\ForeignExchange\ForeignExchange.csproj", "{6FE0DF31-56FE-4429-8923-7C0A4C1080C4}"
EndProject
Project("{FAE04EC0-301F-11D3-BF4B-00C04F79EFBC}") = "ForeignExchange.UWP", "ForeignExchange\ForeignExchange.UWP\ForeignExchange.UWP.csproj", "{D735873C-5AFB-48D2-9E88-0FC3A23610EF}"
EndProject
Project("{FAE04EC0-301F-11D3-BF4B-00C04F79EFBC}") = "ForeignExchange.iOS", "ForeignExchange\ForeignExchange.iOS\ForeignExchange.iOS.csproj", "{A5551A3B-8B06-4F88-872D-D03CF6801836}"
EndProject
Global
	GlobalSection(SolutionConfigurationPlatforms) = preSolution
		Ad-Hoc|Any CPU = Ad-Hoc|Any CPU
		Ad-Hoc|ARM = Ad-Hoc|ARM
		Ad-Hoc|iPhone = Ad-Hoc|iPhone
		Ad-Hoc|iPhoneSimulator = Ad-Hoc|iPhoneSimulator
		Ad-Hoc|x64 = Ad-Hoc|x64
		Ad-Hoc|x86 = Ad-Hoc|x86
		AppStore|Any CPU = AppStore|Any CPU
		AppStore|ARM = AppStore|ARM
		AppStore|iPhone = AppStore|iPhone
		AppStore|iPhoneSimulator = AppStore|iPhoneSimulator
		AppStore|x64 = AppStore|x64
		AppStore|x86 = AppStore|x86
		Debug|Any CPU = Debug|Any CPU
		Debug|ARM = Debug|ARM
		Debug|iPhone = Debug|iPhone
		Debug|iPhoneSimulator = Debug|iPhoneSimulator
		Debug|x64 = Debug|x64
		Debug|x86 = Debug|x86
		Release|Any CPU = Release|Any CPU
		Release|ARM = Release|ARM
		Release|iPhone = Release|iPhone
		Release|iPhoneSimulator = Release|iPhoneSimulator
		Release|x64 = Release|x64
		Release|x86 = Release|x86
	EndGlobalSection
	GlobalSection(ProjectConfigurationPlatforms) = postSolution
		{E947D6C2-CB36-49F7-9FCC-C3F8F9EFE092}.Ad-Hoc|Any CPU.ActiveCfg = Release|Any CPU
		{E947D6C2-CB36-49F7-9FCC-C3F8F9EFE092}.Ad-Hoc|Any CPU.Build.0 = Release|Any CPU
		{E947D6C2-CB36-49F7-9FCC-C3F8F9EFE092}.Ad-Hoc|Any CPU.Deploy.0 = Release|Any CPU
		{E947D6C2-CB36-49F7-9FCC-C3F8F9EFE092}.Ad-Hoc|ARM.ActiveCfg = Release|Any CPU
		{E947D6C2-CB36-49F7-9FCC-C3F8F9EFE092}.Ad-Hoc|ARM.Build.0 = Release|Any CPU
		{E947D6C2-CB36-49F7-9FCC-C3F8F9EFE092}.Ad-Hoc|ARM.Deploy.0 = Release|Any CPU
		{E947D6C2-CB36-49F7-9FCC-C3F8F9EFE092}.Ad-Hoc|iPhone.ActiveCfg = Release|Any CPU
		{E947D6C2-CB36-49F7-9FCC-C3F8F9EFE092}.Ad-Hoc|iPhone.Build.0 = Release|Any CPU
		{E947D6C2-CB36-49F7-9FCC-C3F8F9EFE092}.Ad-Hoc|iPhone.Deploy.0 = Release|Any CPU
		{E947D6C2-CB36-49F7-9FCC-C3F8F9EFE092}.Ad-Hoc|iPhoneSimulator.ActiveCfg = Release|Any CPU
		{E947D6C2-CB36-49F7-9FCC-C3F8F9EFE092}.Ad-Hoc|iPhoneSimulator.Build.0 = Release|Any CPU
		{E947D6C2-CB36-49F7-9FCC-C3F8F9EFE092}.Ad-Hoc|iPhoneSimulator.Deploy.0 = Release|Any CPU
		{E947D6C2-CB36-49F7-9FCC-C3F8F9EFE092}.Ad-Hoc|x64.ActiveCfg = Release|Any CPU
		{E947D6C2-CB36-49F7-9FCC-C3F8F9EFE092}.Ad-Hoc|x64.Build.0 = Release|Any CPU
		{E947D6C2-CB36-49F7-9FCC-C3F8F9EFE092}.Ad-Hoc|x64.Deploy.0 = Release|Any CPU
		{E947D6C2-CB36-49F7-9FCC-C3F8F9EFE092}.Ad-Hoc|x86.ActiveCfg = Release|Any CPU
		{E947D6C2-CB36-49F7-9FCC-C3F8F9EFE092}.Ad-Hoc|x86.Build.0 = Release|Any CPU
		{E947D6C2-CB36-49F7-9FCC-C3F8F9EFE092}.Ad-Hoc|x86.Deploy.0 = Release|Any CPU
		{E947D6C2-CB36-49F7-9FCC-C3F8F9EFE092}.AppStore|Any CPU.ActiveCfg = Release|Any CPU
		{E947D6C2-CB36-49F7-9FCC-C3F8F9EFE092}.AppStore|Any CPU.Build.0 = Release|Any CPU
		{E947D6C2-CB36-49F7-9FCC-C3F8F9EFE092}.AppStore|Any CPU.Deploy.0 = Release|Any CPU
		{E947D6C2-CB36-49F7-9FCC-C3F8F9EFE092}.AppStore|ARM.ActiveCfg = Release|Any CPU
		{E947D6C2-CB36-49F7-9FCC-C3F8F9EFE092}.AppStore|ARM.Build.0 = Release|Any CPU
		{E947D6C2-CB36-49F7-9FCC-C3F8F9EFE092}.AppStore|ARM.Deploy.0 = Release|Any CPU
		{E947D6C2-CB36-49F7-9FCC-C3F8F9EFE092}.AppStore|iPhone.ActiveCfg = Release|Any CPU
		{E947D6C2-CB36-49F7-9FCC-C3F8F9EFE092}.AppStore|iPhone.Build.0 = Release|Any CPU
		{E947D6C2-CB36-49F7-9FCC-C3F8F9EFE092}.AppStore|iPhone.Deploy.0 = Release|Any CPU
		{E947D6C2-CB36-49F7-9FCC-C3F8F9EFE092}.AppStore|iPhoneSimulator.ActiveCfg = Release|Any CPU
		{E947D6C2-CB36-49F7-9FCC-C3F8F9EFE092}.AppStore|iPhoneSimulator.Build.0 = Release|Any CPU
		{E947D6C2-CB36-49F7-9FCC-C3F8F9EFE092}.AppStore|iPhoneSimulator.Deploy.0 = Release|Any CPU
		{E947D6C2-CB36-49F7-9FCC-C3F8F9EFE092}.AppStore|x64.ActiveCfg = Release|Any CPU
		{E947D6C2-CB36-49F7-9FCC-C3F8F9EFE092}.AppStore|x64.Build.0 = Release|Any CPU
		{E947D6C2-CB36-49F7-9FCC-C3F8F9EFE092}.AppStore|x64.Deploy.0 = Release|Any CPU
		{E947D6C2-CB36-49F7-9FCC-C3F8F9EFE092}.AppStore|x86.ActiveCfg = Release|Any CPU
		{E947D6C2-CB36-49F7-9FCC-C3F8F9EFE092}.AppStore|x86.Build.0 = Release|Any CPU
		{E947D6C2-CB36-49F7-9FCC-C3F8F9EFE092}.AppStore|x86.Deploy.0 = Release|Any CPU
		{E947D6C2-CB36-49F7-9FCC-C3F8F9EFE092}.Debug|Any CPU.ActiveCfg = Debug|Any CPU
		{E947D6C2-CB36-49F7-9FCC-C3F8F9EFE092}.Debug|Any CPU.Build.0 = Debug|Any CPU
		{E947D6C2-CB36-49F7-9FCC-C3F8F9EFE092}.Debug|Any CPU.Deploy.0 = Debug|Any CPU
		{E947D6C2-CB36-49F7-9FCC-C3F8F9EFE092}.Debug|ARM.ActiveCfg = Debug|Any CPU
		{E947D6C2-CB36-49F7-9FCC-C3F8F9EFE092}.Debug|ARM.Build.0 = Debug|Any CPU
		{E947D6C2-CB36-49F7-9FCC-C3F8F9EFE092}.Debug|ARM.Deploy.0 = Debug|Any CPU
		{E947D6C2-CB36-49F7-9FCC-C3F8F9EFE092}.Debug|iPhone.ActiveCfg = Debug|Any CPU
		{E947D6C2-CB36-49F7-9FCC-C3F8F9EFE092}.Debug|iPhone.Build.0 = Debug|Any CPU
		{E947D6C2-CB36-49F7-9FCC-C3F8F9EFE092}.Debug|iPhone.Deploy.0 = Debug|Any CPU
		{E947D6C2-CB36-49F7-9FCC-C3F8F9EFE092}.Debug|iPhoneSimulator.ActiveCfg = Debug|Any CPU
		{E947D6C2-CB36-49F7-9FCC-C3F8F9EFE092}.Debug|iPhoneSimulator.Build.0 = Debug|Any CPU
		{E947D6C2-CB36-49F7-9FCC-C3F8F9EFE092}.Debug|iPhoneSimulator.Deploy.0 = Debug|Any CPU
		{E947D6C2-CB36-49F7-9FCC-C3F8F9EFE092}.Debug|x64.ActiveCfg = Debug|Any CPU
		{E947D6C2-CB36-49F7-9FCC-C3F8F9EFE092}.Debug|x64.Build.0 = Debug|Any CPU
		{E947D6C2-CB36-49F7-9FCC-C3F8F9EFE092}.Debug|x64.Deploy.0 = Debug|Any CPU
		{E947D6C2-CB36-49F7-9FCC-C3F8F9EFE092}.Debug|x86.ActiveCfg = Debug|Any CPU
		{E947D6C2-CB36-49F7-9FCC-C3F8F9EFE092}.Debug|x86.Build.0 = Debug|Any CPU
		{E947D6C2-CB36-49F7-9FCC-C3F8F9EFE092}.Debug|x86.Deploy.0 = Debug|Any CPU
		{E947D6C2-CB36-49F7-9FCC-C3F8F9EFE092}.Release|Any CPU.ActiveCfg = Release|Any CPU
		{E947D6C2-CB36-49F7-9FCC-C3F8F9EFE092}.Release|Any CPU.Build.0 = Release|Any CPU
		{E947D6C2-CB36-49F7-9FCC-C3F8F9EFE092}.Release|Any CPU.Deploy.0 = Release|Any CPU
		{E947D6C2-CB36-49F7-9FCC-C3F8F9EFE092}.Release|ARM.ActiveCfg = Release|Any CPU
		{E947D6C2-CB36-49F7-9FCC-C3F8F9EFE092}.Release|ARM.Build.0 = Release|Any CPU
		{E947D6C2-CB36-49F7-9FCC-C3F8F9EFE092}.Release|ARM.Deploy.0 = Release|Any CPU
		{E947D6C2-CB36-49F7-9FCC-C3F8F9EFE092}.Release|iPhone.ActiveCfg = Release|Any CPU
		{E947D6C2-CB36-49F7-9FCC-C3F8F9EFE092}.Release|iPhone.Build.0 = Release|Any CPU
		{E947D6C2-CB36-49F7-9FCC-C3F8F9EFE092}.Release|iPhone.Deploy.0 = Release|Any CPU
		{E947D6C2-CB36-49F7-9FCC-C3F8F9EFE092}.Release|iPhoneSimulator.ActiveCfg = Release|Any CPU
		{E947D6C2-CB36-49F7-9FCC-C3F8F9EFE092}.Release|iPhoneSimulator.Build.0 = Release|Any CPU
		{E947D6C2-CB36-49F7-9FCC-C3F8F9EFE092}.Release|iPhoneSimulator.Deploy.0 = Release|Any CPU
		{E947D6C2-CB36-49F7-9FCC-C3F8F9EFE092}.Release|x64.ActiveCfg = Release|Any CPU
		{E947D6C2-CB36-49F7-9FCC-C3F8F9EFE092}.Release|x64.Build.0 = Release|Any CPU
		{E947D6C2-CB36-49F7-9FCC-C3F8F9EFE092}.Release|x64.Deploy.0 = Release|Any CPU
		{E947D6C2-CB36-49F7-9FCC-C3F8F9EFE092}.Release|x86.ActiveCfg = Release|Any CPU
		{E947D6C2-CB36-49F7-9FCC-C3F8F9EFE092}.Release|x86.Build.0 = Release|Any CPU
		{E947D6C2-CB36-49F7-9FCC-C3F8F9EFE092}.Release|x86.Deploy.0 = Release|Any CPU
		{6FE0DF31-56FE-4429-8923-7C0A4C1080C4}.Ad-Hoc|Any CPU.ActiveCfg = Release|Any CPU
		{6FE0DF31-56FE-4429-8923-7C0A4C1080C4}.Ad-Hoc|Any CPU.Build.0 = Release|Any CPU
		{6FE0DF31-56FE-4429-8923-7C0A4C1080C4}.Ad-Hoc|ARM.ActiveCfg = Release|Any CPU
		{6FE0DF31-56FE-4429-8923-7C0A4C1080C4}.Ad-Hoc|ARM.Build.0 = Release|Any CPU
		{6FE0DF31-56FE-4429-8923-7C0A4C1080C4}.Ad-Hoc|iPhone.ActiveCfg = Release|Any CPU
		{6FE0DF31-56FE-4429-8923-7C0A4C1080C4}.Ad-Hoc|iPhone.Build.0 = Release|Any CPU
		{6FE0DF31-56FE-4429-8923-7C0A4C1080C4}.Ad-Hoc|iPhoneSimulator.ActiveCfg = Release|Any CPU
		{6FE0DF31-56FE-4429-8923-7C0A4C1080C4}.Ad-Hoc|iPhoneSimulator.Build.0 = Release|Any CPU
		{6FE0DF31-56FE-4429-8923-7C0A4C1080C4}.Ad-Hoc|x64.ActiveCfg = Release|Any CPU
		{6FE0DF31-56FE-4429-8923-7C0A4C1080C4}.Ad-Hoc|x64.Build.0 = Release|Any CPU
		{6FE0DF31-56FE-4429-8923-7C0A4C1080C4}.Ad-Hoc|x86.ActiveCfg = Release|Any CPU
		{6FE0DF31-56FE-4429-8923-7C0A4C1080C4}.Ad-Hoc|x86.Build.0 = Release|Any CPU
		{6FE0DF31-56FE-4429-8923-7C0A4C1080C4}.AppStore|Any CPU.ActiveCfg = Release|Any CPU
		{6FE0DF31-56FE-4429-8923-7C0A4C1080C4}.AppStore|Any CPU.Build.0 = Release|Any CPU
		{6FE0DF31-56FE-4429-8923-7C0A4C1080C4}.AppStore|ARM.ActiveCfg = Release|Any CPU
		{6FE0DF31-56FE-4429-8923-7C0A4C1080C4}.AppStore|ARM.Build.0 = Release|Any CPU
		{6FE0DF31-56FE-4429-8923-7C0A4C1080C4}.AppStore|iPhone.ActiveCfg = Release|Any CPU
		{6FE0DF31-56FE-4429-8923-7C0A4C1080C4}.AppStore|iPhone.Build.0 = Release|Any CPU
		{6FE0DF31-56FE-4429-8923-7C0A4C1080C4}.AppStore|iPhoneSimulator.ActiveCfg = Release|Any CPU
		{6FE0DF31-56FE-4429-8923-7C0A4C1080C4}.AppStore|iPhoneSimulator.Build.0 = Release|Any CPU
		{6FE0DF31-56FE-4429-8923-7C0A4C1080C4}.AppStore|x64.ActiveCfg = Release|Any CPU
		{6FE0DF31-56FE-4429-8923-7C0A4C1080C4}.AppStore|x64.Build.0 = Release|Any CPU
		{6FE0DF31-56FE-4429-8923-7C0A4C1080C4}.AppStore|x86.ActiveCfg = Release|Any CPU
		{6FE0DF31-56FE-4429-8923-7C0A4C1080C4}.AppStore|x86.Build.0 = Release|Any CPU
		{6FE0DF31-56FE-4429-8923-7C0A4C1080C4}.Debug|Any CPU.ActiveCfg = Debug|Any CPU
		{6FE0DF31-56FE-4429-8923-7C0A4C1080C4}.Debug|Any CPU.Build.0 = Debug|Any CPU
		{6FE0DF31-56FE-4429-8923-7C0A4C1080C4}.Debug|ARM.ActiveCfg = Debug|Any CPU
		{6FE0DF31-56FE-4429-8923-7C0A4C1080C4}.Debug|ARM.Build.0 = Debug|Any CPU
		{6FE0DF31-56FE-4429-8923-7C0A4C1080C4}.Debug|iPhone.ActiveCfg = Debug|Any CPU
		{6FE0DF31-56FE-4429-8923-7C0A4C1080C4}.Debug|iPhone.Build.0 = Debug|Any CPU
		{6FE0DF31-56FE-4429-8923-7C0A4C1080C4}.Debug|iPhoneSimulator.ActiveCfg = Debug|Any CPU
		{6FE0DF31-56FE-4429-8923-7C0A4C1080C4}.Debug|iPhoneSimulator.Build.0 = Debug|Any CPU
		{6FE0DF31-56FE-4429-8923-7C0A4C1080C4}.Debug|x64.ActiveCfg = Debug|Any CPU
		{6FE0DF31-56FE-4429-8923-7C0A4C1080C4}.Debug|x64.Build.0 = Debug|Any CPU
		{6FE0DF31-56FE-4429-8923-7C0A4C1080C4}.Debug|x86.ActiveCfg = Debug|Any CPU
		{6FE0DF31-56FE-4429-8923-7C0A4C1080C4}.Debug|x86.Build.0 = Debug|Any CPU
		{6FE0DF31-56FE-4429-8923-7C0A4C1080C4}.Release|Any CPU.ActiveCfg = Release|Any CPU
		{6FE0DF31-56FE-4429-8923-7C0A4C1080C4}.Release|Any CPU.Build.0 = Release|Any CPU
		{6FE0DF31-56FE-4429-8923-7C0A4C1080C4}.Release|ARM.ActiveCfg = Release|Any CPU
		{6FE0DF31-56FE-4429-8923-7C0A4C1080C4}.Release|ARM.Build.0 = Release|Any CPU
		{6FE0DF31-56FE-4429-8923-7C0A4C1080C4}.Release|iPhone.ActiveCfg = Release|Any CPU
		{6FE0DF31-56FE-4429-8923-7C0A4C1080C4}.Release|iPhone.Build.0 = Release|Any CPU
		{6FE0DF31-56FE-4429-8923-7C0A4C1080C4}.Release|iPhoneSimulator.ActiveCfg = Release|Any CPU
		{6FE0DF31-56FE-4429-8923-7C0A4C1080C4}.Release|iPhoneSimulator.Build.0 = Release|Any CPU
		{6FE0DF31-56FE-4429-8923-7C0A4C1080C4}.Release|x64.ActiveCfg = Release|Any CPU
		{6FE0DF31-56FE-4429-8923-7C0A4C1080C4}.Release|x64.Build.0 = Release|Any CPU
		{6FE0DF31-56FE-4429-8923-7C0A4C1080C4}.Release|x86.ActiveCfg = Release|Any CPU
		{6FE0DF31-56FE-4429-8923-7C0A4C1080C4}.Release|x86.Build.0 = Release|Any CPU
		{D735873C-5AFB-48D2-9E88-0FC3A23610EF}.Ad-Hoc|Any CPU.ActiveCfg = Release|x86
		{D735873C-5AFB-48D2-9E88-0FC3A23610EF}.Ad-Hoc|Any CPU.Build.0 = Release|x86
		{D735873C-5AFB-48D2-9E88-0FC3A23610EF}.Ad-Hoc|Any CPU.Deploy.0 = Release|x86
		{D735873C-5AFB-48D2-9E88-0FC3A23610EF}.Ad-Hoc|ARM.ActiveCfg = Release|ARM
		{D735873C-5AFB-48D2-9E88-0FC3A23610EF}.Ad-Hoc|ARM.Build.0 = Release|ARM
		{D735873C-5AFB-48D2-9E88-0FC3A23610EF}.Ad-Hoc|ARM.Deploy.0 = Release|ARM
		{D735873C-5AFB-48D2-9E88-0FC3A23610EF}.Ad-Hoc|iPhone.ActiveCfg = Release|x86
		{D735873C-5AFB-48D2-9E88-0FC3A23610EF}.Ad-Hoc|iPhone.Build.0 = Release|x86
		{D735873C-5AFB-48D2-9E88-0FC3A23610EF}.Ad-Hoc|iPhone.Deploy.0 = Release|x86
		{D735873C-5AFB-48D2-9E88-0FC3A23610EF}.Ad-Hoc|iPhoneSimulator.ActiveCfg = Release|x86
		{D735873C-5AFB-48D2-9E88-0FC3A23610EF}.Ad-Hoc|iPhoneSimulator.Build.0 = Release|x86
		{D735873C-5AFB-48D2-9E88-0FC3A23610EF}.Ad-Hoc|iPhoneSimulator.Deploy.0 = Release|x86
		{D735873C-5AFB-48D2-9E88-0FC3A23610EF}.Ad-Hoc|x64.ActiveCfg = Release|x64
		{D735873C-5AFB-48D2-9E88-0FC3A23610EF}.Ad-Hoc|x64.Build.0 = Release|x64
		{D735873C-5AFB-48D2-9E88-0FC3A23610EF}.Ad-Hoc|x64.Deploy.0 = Release|x64
		{D735873C-5AFB-48D2-9E88-0FC3A23610EF}.Ad-Hoc|x86.ActiveCfg = Release|x86
		{D735873C-5AFB-48D2-9E88-0FC3A23610EF}.Ad-Hoc|x86.Build.0 = Release|x86
		{D735873C-5AFB-48D2-9E88-0FC3A23610EF}.Ad-Hoc|x86.Deploy.0 = Release|x86
		{D735873C-5AFB-48D2-9E88-0FC3A23610EF}.AppStore|Any CPU.ActiveCfg = Release|x86
		{D735873C-5AFB-48D2-9E88-0FC3A23610EF}.AppStore|Any CPU.Build.0 = Release|x86
		{D735873C-5AFB-48D2-9E88-0FC3A23610EF}.AppStore|Any CPU.Deploy.0 = Release|x86
		{D735873C-5AFB-48D2-9E88-0FC3A23610EF}.AppStore|ARM.ActiveCfg = Release|ARM
		{D735873C-5AFB-48D2-9E88-0FC3A23610EF}.AppStore|ARM.Build.0 = Release|ARM
		{D735873C-5AFB-48D2-9E88-0FC3A23610EF}.AppStore|ARM.Deploy.0 = Release|ARM
		{D735873C-5AFB-48D2-9E88-0FC3A23610EF}.AppStore|iPhone.ActiveCfg = Release|x86
		{D735873C-5AFB-48D2-9E88-0FC3A23610EF}.AppStore|iPhone.Build.0 = Release|x86
		{D735873C-5AFB-48D2-9E88-0FC3A23610EF}.AppStore|iPhone.Deploy.0 = Release|x86
		{D735873C-5AFB-48D2-9E88-0FC3A23610EF}.AppStore|iPhoneSimulator.ActiveCfg = Release|x86
		{D735873C-5AFB-48D2-9E88-0FC3A23610EF}.AppStore|iPhoneSimulator.Build.0 = Release|x86
		{D735873C-5AFB-48D2-9E88-0FC3A23610EF}.AppStore|iPhoneSimulator.Deploy.0 = Release|x86
		{D735873C-5AFB-48D2-9E88-0FC3A23610EF}.AppStore|x64.ActiveCfg = Release|x64
		{D735873C-5AFB-48D2-9E88-0FC3A23610EF}.AppStore|x64.Build.0 = Release|x64
		{D735873C-5AFB-48D2-9E88-0FC3A23610EF}.AppStore|x64.Deploy.0 = Release|x64
		{D735873C-5AFB-48D2-9E88-0FC3A23610EF}.AppStore|x86.ActiveCfg = Release|x86
		{D735873C-5AFB-48D2-9E88-0FC3A23610EF}.AppStore|x86.Build.0 = Release|x86
		{D735873C-5AFB-48D2-9E88-0FC3A23610EF}.AppStore|x86.Deploy.0 = Release|x86
		{D735873C-5AFB-48D2-9E88-0FC3A23610EF}.Debug|Any CPU.ActiveCfg = Debug|x86
		{D735873C-5AFB-48D2-9E88-0FC3A23610EF}.Debug|ARM.ActiveCfg = Debug|ARM
		{D735873C-5AFB-48D2-9E88-0FC3A23610EF}.Debug|ARM.Build.0 = Debug|ARM
		{D735873C-5AFB-48D2-9E88-0FC3A23610EF}.Debug|ARM.Deploy.0 = Debug|ARM
		{D735873C-5AFB-48D2-9E88-0FC3A23610EF}.Debug|iPhone.ActiveCfg = Debug|x86
		{D735873C-5AFB-48D2-9E88-0FC3A23610EF}.Debug|iPhoneSimulator.ActiveCfg = Debug|x86
		{D735873C-5AFB-48D2-9E88-0FC3A23610EF}.Debug|x64.ActiveCfg = Debug|x64
		{D735873C-5AFB-48D2-9E88-0FC3A23610EF}.Debug|x64.Build.0 = Debug|x64
		{D735873C-5AFB-48D2-9E88-0FC3A23610EF}.Debug|x64.Deploy.0 = Debug|x64
		{D735873C-5AFB-48D2-9E88-0FC3A23610EF}.Debug|x86.ActiveCfg = Debug|x86
		{D735873C-5AFB-48D2-9E88-0FC3A23610EF}.Debug|x86.Build.0 = Debug|x86
		{D735873C-5AFB-48D2-9E88-0FC3A23610EF}.Debug|x86.Deploy.0 = Debug|x86
		{D735873C-5AFB-48D2-9E88-0FC3A23610EF}.Release|Any CPU.ActiveCfg = Release|x86
		{D735873C-5AFB-48D2-9E88-0FC3A23610EF}.Release|ARM.ActiveCfg = Release|ARM
		{D735873C-5AFB-48D2-9E88-0FC3A23610EF}.Release|ARM.Build.0 = Release|ARM
		{D735873C-5AFB-48D2-9E88-0FC3A23610EF}.Release|ARM.Deploy.0 = Release|ARM
		{D735873C-5AFB-48D2-9E88-0FC3A23610EF}.Release|iPhone.ActiveCfg = Release|x86
		{D735873C-5AFB-48D2-9E88-0FC3A23610EF}.Release|iPhoneSimulator.ActiveCfg = Release|x86
		{D735873C-5AFB-48D2-9E88-0FC3A23610EF}.Release|x64.ActiveCfg = Release|x64
		{D735873C-5AFB-48D2-9E88-0FC3A23610EF}.Release|x64.Build.0 = Release|x64
		{D735873C-5AFB-48D2-9E88-0FC3A23610EF}.Release|x64.Deploy.0 = Release|x64
		{D735873C-5AFB-48D2-9E88-0FC3A23610EF}.Release|x86.ActiveCfg = Release|x86
		{D735873C-5AFB-48D2-9E88-0FC3A23610EF}.Release|x86.Build.0 = Release|x86
		{D735873C-5AFB-48D2-9E88-0FC3A23610EF}.Release|x86.Deploy.0 = Release|x86
		{A5551A3B-8B06-4F88-872D-D03CF6801836}.Ad-Hoc|Any CPU.ActiveCfg = Ad-Hoc|iPhoneSimulator
		{A5551A3B-8B06-4F88-872D-D03CF6801836}.Ad-Hoc|ARM.ActiveCfg = Ad-Hoc|iPhone
		{A5551A3B-8B06-4F88-872D-D03CF6801836}.Ad-Hoc|iPhone.ActiveCfg = Ad-Hoc|iPhone
		{A5551A3B-8B06-4F88-872D-D03CF6801836}.Ad-Hoc|iPhone.Build.0 = Ad-Hoc|iPhone
		{A5551A3B-8B06-4F88-872D-D03CF6801836}.Ad-Hoc|iPhoneSimulator.ActiveCfg = Ad-Hoc|iPhoneSimulator
		{A5551A3B-8B06-4F88-872D-D03CF6801836}.Ad-Hoc|iPhoneSimulator.Build.0 = Ad-Hoc|iPhoneSimulator
		{A5551A3B-8B06-4F88-872D-D03CF6801836}.Ad-Hoc|x64.ActiveCfg = Ad-Hoc|iPhone
		{A5551A3B-8B06-4F88-872D-D03CF6801836}.Ad-Hoc|x86.ActiveCfg = Ad-Hoc|iPhone
		{A5551A3B-8B06-4F88-872D-D03CF6801836}.AppStore|Any CPU.ActiveCfg = AppStore|iPhoneSimulator
		{A5551A3B-8B06-4F88-872D-D03CF6801836}.AppStore|ARM.ActiveCfg = AppStore|iPhone
		{A5551A3B-8B06-4F88-872D-D03CF6801836}.AppStore|iPhone.ActiveCfg = AppStore|iPhone
		{A5551A3B-8B06-4F88-872D-D03CF6801836}.AppStore|iPhone.Build.0 = AppStore|iPhone
		{A5551A3B-8B06-4F88-872D-D03CF6801836}.AppStore|iPhoneSimulator.ActiveCfg = AppStore|iPhoneSimulator
		{A5551A3B-8B06-4F88-872D-D03CF6801836}.AppStore|iPhoneSimulator.Build.0 = AppStore|iPhoneSimulator
		{A5551A3B-8B06-4F88-872D-D03CF6801836}.AppStore|x64.ActiveCfg = AppStore|iPhone
		{A5551A3B-8B06-4F88-872D-D03CF6801836}.AppStore|x86.ActiveCfg = AppStore|iPhone
		{A5551A3B-8B06-4F88-872D-D03CF6801836}.Debug|Any CPU.ActiveCfg = Debug|iPhoneSimulator
		{A5551A3B-8B06-4F88-872D-D03CF6801836}.Debug|ARM.ActiveCfg = Debug|iPhone
		{A5551A3B-8B06-4F88-872D-D03CF6801836}.Debug|iPhone.ActiveCfg = Debug|iPhone
		{A5551A3B-8B06-4F88-872D-D03CF6801836}.Debug|iPhone.Build.0 = Debug|iPhone
		{A5551A3B-8B06-4F88-872D-D03CF6801836}.Debug|iPhoneSimulator.ActiveCfg = Debug|iPhoneSimulator
		{A5551A3B-8B06-4F88-872D-D03CF6801836}.Debug|iPhoneSimulator.Build.0 = Debug|iPhoneSimulator
		{A5551A3B-8B06-4F88-872D-D03CF6801836}.Debug|x64.ActiveCfg = Debug|iPhone
		{A5551A3B-8B06-4F88-872D-D03CF6801836}.Debug|x86.ActiveCfg = Debug|iPhone
		{A5551A3B-8B06-4F88-872D-D03CF6801836}.Release|Any CPU.ActiveCfg = Release|iPhoneSimulator
		{A5551A3B-8B06-4F88-872D-D03CF6801836}.Release|ARM.ActiveCfg = Release|iPhone
		{A5551A3B-8B06-4F88-872D-D03CF6801836}.Release|iPhone.ActiveCfg = Release|iPhone
		{A5551A3B-8B06-4F88-872D-D03CF6801836}.Release|iPhone.Build.0 = Release|iPhone
		{A5551A3B-8B06-4F88-872D-D03CF6801836}.Release|iPhoneSimulator.ActiveCfg = Release|iPhoneSimulator
		{A5551A3B-8B06-4F88-872D-D03CF6801836}.Release|iPhoneSimulator.Build.0 = Release|iPhoneSimulator
		{A5551A3B-8B06-4F88-872D-D03CF6801836}.Release|x64.ActiveCfg = Release|iPhone
		{A5551A3B-8B06-4F88-872D-D03CF6801836}.Release|x86.ActiveCfg = Release|iPhone
	EndGlobalSection
	GlobalSection(SolutionProperties) = preSolution
		HideSolutionNode = FALSE
	EndGlobalSection
	GlobalSection(ExtensibilityGlobals) = postSolution
		SolutionGuid = {85D571AD-347A-411A-83D9-3B8750F8723A}
	EndGlobalSection
EndGlobal
